// !$*UTF8*$!
{
	archiveVersion = 1;
	classes = {
	};
	objectVersion = 50;
	objects = {

/* Begin PBXBuildFile section */
		111F5D9321D4F51100E94E5B /* AppDelegate.swift in Sources */ = {isa = PBXBuildFile; fileRef = 111F5D9221D4F51100E94E5B /* AppDelegate.swift */; };
		111F5D9521D4F51100E94E5B /* HomeViewController.swift in Sources */ = {isa = PBXBuildFile; fileRef = 111F5D9421D4F51100E94E5B /* HomeViewController.swift */; };
		111F5D9821D4F51100E94E5B /* Home.storyboard in Resources */ = {isa = PBXBuildFile; fileRef = 111F5D9621D4F51100E94E5B /* Home.storyboard */; };
		111F5D9A21D4F51400E94E5B /* Assets.xcassets in Resources */ = {isa = PBXBuildFile; fileRef = 111F5D9921D4F51400E94E5B /* Assets.xcassets */; };
		111F5D9D21D4F51400E94E5B /* LaunchScreen.storyboard in Resources */ = {isa = PBXBuildFile; fileRef = 111F5D9B21D4F51400E94E5B /* LaunchScreen.storyboard */; };
		111F5DA821D4F51400E94E5B /* VacationPlannerTests.swift in Sources */ = {isa = PBXBuildFile; fileRef = 111F5DA721D4F51400E94E5B /* VacationPlannerTests.swift */; };
		111F5DB321D4F51400E94E5B /* VacationPlannerUITests.swift in Sources */ = {isa = PBXBuildFile; fileRef = 111F5DB221D4F51400E94E5B /* VacationPlannerUITests.swift */; };
		111F5DC721D4FC6B00E94E5B /* WeatherTableViewCell.swift in Sources */ = {isa = PBXBuildFile; fileRef = 111F5DC521D4FC6B00E94E5B /* WeatherTableViewCell.swift */; };
		111F5DC821D4FC6B00E94E5B /* WeatherTableViewCell.xib in Resources */ = {isa = PBXBuildFile; fileRef = 111F5DC621D4FC6B00E94E5B /* WeatherTableViewCell.xib */; };
		111F5DCC21D4FEAD00E94E5B /* ImageConstants.swift in Sources */ = {isa = PBXBuildFile; fileRef = 111F5DCB21D4FEAD00E94E5B /* ImageConstants.swift */; };
		111F5DD121D5059800E94E5B /* BaseView.swift in Sources */ = {isa = PBXBuildFile; fileRef = 111F5DD021D5059800E94E5B /* BaseView.swift */; };
		111F5DD521D505FD00E94E5B /* WeatherView.swift in Sources */ = {isa = PBXBuildFile; fileRef = 111F5DD421D505FD00E94E5B /* WeatherView.swift */; };
		111F5DD721D5063C00E94E5B /* WeatherView.xib in Resources */ = {isa = PBXBuildFile; fileRef = 111F5DD621D5063C00E94E5B /* WeatherView.xib */; };
		111F5DDA21D50AD600E94E5B /* UIColorExtension.swift in Sources */ = {isa = PBXBuildFile; fileRef = 111F5DD921D50AD600E94E5B /* UIColorExtension.swift */; };
		111F5DDF21D5199100E94E5B /* Localizable.strings in Resources */ = {isa = PBXBuildFile; fileRef = 111F5DE121D5199100E94E5B /* Localizable.strings */; };
		111F5DE721D51CCF00E94E5B /* AllWeathers.storyboard in Resources */ = {isa = PBXBuildFile; fileRef = 111F5DE621D51CCF00E94E5B /* AllWeathers.storyboard */; };
		111F5DE921D51CF100E94E5B /* AllWeathersViewController.swift in Sources */ = {isa = PBXBuildFile; fileRef = 111F5DE821D51CF100E94E5B /* AllWeathersViewController.swift */; };
		111F5DEB21D51D2900E94E5B /* NavigationConstants.swift in Sources */ = {isa = PBXBuildFile; fileRef = 111F5DEA21D51D2900E94E5B /* NavigationConstants.swift */; };
		111F5DED21D51DF700E94E5B /* UIStoryboardExtension.swift in Sources */ = {isa = PBXBuildFile; fileRef = 111F5DEC21D51DF700E94E5B /* UIStoryboardExtension.swift */; };
		11C4236C21D55254001F7B23 /* NetworkService.swift in Sources */ = {isa = PBXBuildFile; fileRef = 11C4236B21D55254001F7B23 /* NetworkService.swift */; };
		11C4236E21D552AB001F7B23 /* NetworkConstants.swift in Sources */ = {isa = PBXBuildFile; fileRef = 11C4236D21D552AB001F7B23 /* NetworkConstants.swift */; };
		11C4237021D5565B001F7B23 /* WeatherService.swift in Sources */ = {isa = PBXBuildFile; fileRef = 11C4236F21D5565B001F7B23 /* WeatherService.swift */; };
		11C4237321D557EF001F7B23 /* Weather.swift in Sources */ = {isa = PBXBuildFile; fileRef = 11C4237221D557EF001F7B23 /* Weather.swift */; };
		11C4237521D592EA001F7B23 /* AllCities.storyboard in Resources */ = {isa = PBXBuildFile; fileRef = 11C4237421D592EA001F7B23 /* AllCities.storyboard */; };
		11C4237721D59372001F7B23 /* AllCitiesViewController.swift in Sources */ = {isa = PBXBuildFile; fileRef = 11C4237621D59372001F7B23 /* AllCitiesViewController.swift */; };
		11C4237A21D59522001F7B23 /* CitiesView.swift in Sources */ = {isa = PBXBuildFile; fileRef = 11C4237921D59522001F7B23 /* CitiesView.swift */; };
		11C4237C21D5955A001F7B23 /* CitiesView.xib in Resources */ = {isa = PBXBuildFile; fileRef = 11C4237B21D5955A001F7B23 /* CitiesView.xib */; };
		11C4238021D59D1D001F7B23 /* CitiesTableViewCell.swift in Sources */ = {isa = PBXBuildFile; fileRef = 11C4237E21D59D1D001F7B23 /* CitiesTableViewCell.swift */; };
		11C4238121D59D1D001F7B23 /* CitiesTableViewCell.xib in Resources */ = {isa = PBXBuildFile; fileRef = 11C4237F21D59D1D001F7B23 /* CitiesTableViewCell.xib */; };
		11C4238321D5A162001F7B23 /* CitiesService.swift in Sources */ = {isa = PBXBuildFile; fileRef = 11C4238221D5A162001F7B23 /* CitiesService.swift */; };
		11C4238521D5A1FC001F7B23 /* City.swift in Sources */ = {isa = PBXBuildFile; fileRef = 11C4238421D5A1FC001F7B23 /* City.swift */; };
		30B679B111DD461474DE580E /* Pods_VacationPlanner.framework in Frameworks */ = {isa = PBXBuildFile; fileRef = 43F0723463FED41BC9297AD2 /* Pods_VacationPlanner.framework */; };
		4EBEAB57E95D96BF6655596C /* Pods_VacationPlannerTests.framework in Frameworks */ = {isa = PBXBuildFile; fileRef = D80BB3959E493B150612E268 /* Pods_VacationPlannerTests.framework */; };
		6742699047F5770EC484C956 /* Pods_VacationPlannerUITests.framework in Frameworks */ = {isa = PBXBuildFile; fileRef = 648688796941C47ECDD046A0 /* Pods_VacationPlannerUITests.framework */; };
/* End PBXBuildFile section */

/* Begin PBXContainerItemProxy section */
		111F5DA421D4F51400E94E5B /* PBXContainerItemProxy */ = {
			isa = PBXContainerItemProxy;
			containerPortal = 111F5D8721D4F51100E94E5B /* Project object */;
			proxyType = 1;
			remoteGlobalIDString = 111F5D8E21D4F51100E94E5B;
			remoteInfo = VacationPlanner;
		};
		111F5DAF21D4F51400E94E5B /* PBXContainerItemProxy */ = {
			isa = PBXContainerItemProxy;
			containerPortal = 111F5D8721D4F51100E94E5B /* Project object */;
			proxyType = 1;
			remoteGlobalIDString = 111F5D8E21D4F51100E94E5B;
			remoteInfo = VacationPlanner;
		};
/* End PBXContainerItemProxy section */

/* Begin PBXFileReference section */
		0CA5D0B7F10621F704724B14 /* Pods-VacationPlannerTests.release.xcconfig */ = {isa = PBXFileReference; includeInIndex = 1; lastKnownFileType = text.xcconfig; name = "Pods-VacationPlannerTests.release.xcconfig"; path = "Pods/Target Support Files/Pods-VacationPlannerTests/Pods-VacationPlannerTests.release.xcconfig"; sourceTree = "<group>"; };
		111F5D8F21D4F51100E94E5B /* VacationPlanner.app */ = {isa = PBXFileReference; explicitFileType = wrapper.application; includeInIndex = 0; path = VacationPlanner.app; sourceTree = BUILT_PRODUCTS_DIR; };
		111F5D9221D4F51100E94E5B /* AppDelegate.swift */ = {isa = PBXFileReference; lastKnownFileType = sourcecode.swift; path = AppDelegate.swift; sourceTree = "<group>"; };
		111F5D9421D4F51100E94E5B /* HomeViewController.swift */ = {isa = PBXFileReference; lastKnownFileType = sourcecode.swift; path = HomeViewController.swift; sourceTree = "<group>"; };
		111F5D9721D4F51100E94E5B /* Base */ = {isa = PBXFileReference; lastKnownFileType = file.storyboard; name = Base; path = Base.lproj/Home.storyboard; sourceTree = "<group>"; };
		111F5D9921D4F51400E94E5B /* Assets.xcassets */ = {isa = PBXFileReference; lastKnownFileType = folder.assetcatalog; path = Assets.xcassets; sourceTree = "<group>"; };
		111F5D9C21D4F51400E94E5B /* Base */ = {isa = PBXFileReference; lastKnownFileType = file.storyboard; name = Base; path = Base.lproj/LaunchScreen.storyboard; sourceTree = "<group>"; };
		111F5D9E21D4F51400E94E5B /* Info.plist */ = {isa = PBXFileReference; lastKnownFileType = text.plist.xml; path = Info.plist; sourceTree = "<group>"; };
		111F5DA321D4F51400E94E5B /* VacationPlannerTests.xctest */ = {isa = PBXFileReference; explicitFileType = wrapper.cfbundle; includeInIndex = 0; path = VacationPlannerTests.xctest; sourceTree = BUILT_PRODUCTS_DIR; };
		111F5DA721D4F51400E94E5B /* VacationPlannerTests.swift */ = {isa = PBXFileReference; lastKnownFileType = sourcecode.swift; path = VacationPlannerTests.swift; sourceTree = "<group>"; };
		111F5DA921D4F51400E94E5B /* Info.plist */ = {isa = PBXFileReference; lastKnownFileType = text.plist.xml; path = Info.plist; sourceTree = "<group>"; };
		111F5DAE21D4F51400E94E5B /* VacationPlannerUITests.xctest */ = {isa = PBXFileReference; explicitFileType = wrapper.cfbundle; includeInIndex = 0; path = VacationPlannerUITests.xctest; sourceTree = BUILT_PRODUCTS_DIR; };
		111F5DB221D4F51400E94E5B /* VacationPlannerUITests.swift */ = {isa = PBXFileReference; lastKnownFileType = sourcecode.swift; path = VacationPlannerUITests.swift; sourceTree = "<group>"; };
		111F5DB421D4F51400E94E5B /* Info.plist */ = {isa = PBXFileReference; lastKnownFileType = text.plist.xml; path = Info.plist; sourceTree = "<group>"; };
		111F5DC521D4FC6B00E94E5B /* WeatherTableViewCell.swift */ = {isa = PBXFileReference; lastKnownFileType = sourcecode.swift; path = WeatherTableViewCell.swift; sourceTree = "<group>"; };
		111F5DC621D4FC6B00E94E5B /* WeatherTableViewCell.xib */ = {isa = PBXFileReference; lastKnownFileType = file.xib; path = WeatherTableViewCell.xib; sourceTree = "<group>"; };
		111F5DCB21D4FEAD00E94E5B /* ImageConstants.swift */ = {isa = PBXFileReference; lastKnownFileType = sourcecode.swift; path = ImageConstants.swift; sourceTree = "<group>"; };
		111F5DD021D5059800E94E5B /* BaseView.swift */ = {isa = PBXFileReference; lastKnownFileType = sourcecode.swift; path = BaseView.swift; sourceTree = "<group>"; };
		111F5DD421D505FD00E94E5B /* WeatherView.swift */ = {isa = PBXFileReference; lastKnownFileType = sourcecode.swift; path = WeatherView.swift; sourceTree = "<group>"; };
		111F5DD621D5063C00E94E5B /* WeatherView.xib */ = {isa = PBXFileReference; lastKnownFileType = file.xib; path = WeatherView.xib; sourceTree = "<group>"; };
		111F5DD921D50AD600E94E5B /* UIColorExtension.swift */ = {isa = PBXFileReference; lastKnownFileType = sourcecode.swift; path = UIColorExtension.swift; sourceTree = "<group>"; };
		111F5DDD21D5197D00E94E5B /* pt-BR */ = {isa = PBXFileReference; lastKnownFileType = text.plist.strings; name = "pt-BR"; path = "pt-BR.lproj/LaunchScreen.strings"; sourceTree = "<group>"; };
		111F5DE021D5199100E94E5B /* en */ = {isa = PBXFileReference; lastKnownFileType = text.plist.strings; name = en; path = en.lproj/Localizable.strings; sourceTree = "<group>"; };
		111F5DE221D5199400E94E5B /* pt-BR */ = {isa = PBXFileReference; lastKnownFileType = text.plist.strings; name = "pt-BR"; path = "pt-BR.lproj/Localizable.strings"; sourceTree = "<group>"; };
		111F5DE621D51CCF00E94E5B /* AllWeathers.storyboard */ = {isa = PBXFileReference; lastKnownFileType = file.storyboard; path = AllWeathers.storyboard; sourceTree = "<group>"; };
		111F5DE821D51CF100E94E5B /* AllWeathersViewController.swift */ = {isa = PBXFileReference; lastKnownFileType = sourcecode.swift; path = AllWeathersViewController.swift; sourceTree = "<group>"; };
		111F5DEA21D51D2900E94E5B /* NavigationConstants.swift */ = {isa = PBXFileReference; lastKnownFileType = sourcecode.swift; path = NavigationConstants.swift; sourceTree = "<group>"; };
		111F5DEC21D51DF700E94E5B /* UIStoryboardExtension.swift */ = {isa = PBXFileReference; lastKnownFileType = sourcecode.swift; path = UIStoryboardExtension.swift; sourceTree = "<group>"; };
		11C4236B21D55254001F7B23 /* NetworkService.swift */ = {isa = PBXFileReference; lastKnownFileType = sourcecode.swift; path = NetworkService.swift; sourceTree = "<group>"; };
		11C4236D21D552AB001F7B23 /* NetworkConstants.swift */ = {isa = PBXFileReference; lastKnownFileType = sourcecode.swift; path = NetworkConstants.swift; sourceTree = "<group>"; };
		11C4236F21D5565B001F7B23 /* WeatherService.swift */ = {isa = PBXFileReference; lastKnownFileType = sourcecode.swift; path = WeatherService.swift; sourceTree = "<group>"; };
		11C4237221D557EF001F7B23 /* Weather.swift */ = {isa = PBXFileReference; lastKnownFileType = sourcecode.swift; path = Weather.swift; sourceTree = "<group>"; };
		11C4237421D592EA001F7B23 /* AllCities.storyboard */ = {isa = PBXFileReference; lastKnownFileType = file.storyboard; path = AllCities.storyboard; sourceTree = "<group>"; };
		11C4237621D59372001F7B23 /* AllCitiesViewController.swift */ = {isa = PBXFileReference; lastKnownFileType = sourcecode.swift; path = AllCitiesViewController.swift; sourceTree = "<group>"; };
		11C4237921D59522001F7B23 /* CitiesView.swift */ = {isa = PBXFileReference; lastKnownFileType = sourcecode.swift; path = CitiesView.swift; sourceTree = "<group>"; };
		11C4237B21D5955A001F7B23 /* CitiesView.xib */ = {isa = PBXFileReference; lastKnownFileType = file.xib; path = CitiesView.xib; sourceTree = "<group>"; };
		11C4237E21D59D1D001F7B23 /* CitiesTableViewCell.swift */ = {isa = PBXFileReference; lastKnownFileType = sourcecode.swift; path = CitiesTableViewCell.swift; sourceTree = "<group>"; };
		11C4237F21D59D1D001F7B23 /* CitiesTableViewCell.xib */ = {isa = PBXFileReference; lastKnownFileType = file.xib; path = CitiesTableViewCell.xib; sourceTree = "<group>"; };
		11C4238221D5A162001F7B23 /* CitiesService.swift */ = {isa = PBXFileReference; lastKnownFileType = sourcecode.swift; path = CitiesService.swift; sourceTree = "<group>"; };
		11C4238421D5A1FC001F7B23 /* City.swift */ = {isa = PBXFileReference; lastKnownFileType = sourcecode.swift; path = City.swift; sourceTree = "<group>"; };
		43F0723463FED41BC9297AD2 /* Pods_VacationPlanner.framework */ = {isa = PBXFileReference; explicitFileType = wrapper.framework; includeInIndex = 0; path = Pods_VacationPlanner.framework; sourceTree = BUILT_PRODUCTS_DIR; };
		648688796941C47ECDD046A0 /* Pods_VacationPlannerUITests.framework */ = {isa = PBXFileReference; explicitFileType = wrapper.framework; includeInIndex = 0; path = Pods_VacationPlannerUITests.framework; sourceTree = BUILT_PRODUCTS_DIR; };
		76E0447389AD25DAC1F5C6AB /* Pods-VacationPlanner.debug.xcconfig */ = {isa = PBXFileReference; includeInIndex = 1; lastKnownFileType = text.xcconfig; name = "Pods-VacationPlanner.debug.xcconfig"; path = "Pods/Target Support Files/Pods-VacationPlanner/Pods-VacationPlanner.debug.xcconfig"; sourceTree = "<group>"; };
		AF027DAF91BA69D8D7879C33 /* Pods-VacationPlannerUITests.release.xcconfig */ = {isa = PBXFileReference; includeInIndex = 1; lastKnownFileType = text.xcconfig; name = "Pods-VacationPlannerUITests.release.xcconfig"; path = "Pods/Target Support Files/Pods-VacationPlannerUITests/Pods-VacationPlannerUITests.release.xcconfig"; sourceTree = "<group>"; };
		B368CB0C3F41702245D85162 /* Pods-VacationPlannerUITests.debug.xcconfig */ = {isa = PBXFileReference; includeInIndex = 1; lastKnownFileType = text.xcconfig; name = "Pods-VacationPlannerUITests.debug.xcconfig"; path = "Pods/Target Support Files/Pods-VacationPlannerUITests/Pods-VacationPlannerUITests.debug.xcconfig"; sourceTree = "<group>"; };
		D18C6A724E9AC6C833720AF3 /* Pods-VacationPlanner.release.xcconfig */ = {isa = PBXFileReference; includeInIndex = 1; lastKnownFileType = text.xcconfig; name = "Pods-VacationPlanner.release.xcconfig"; path = "Pods/Target Support Files/Pods-VacationPlanner/Pods-VacationPlanner.release.xcconfig"; sourceTree = "<group>"; };
		D301C313FEEDC620A2D3BD8C /* Pods-VacationPlannerTests.debug.xcconfig */ = {isa = PBXFileReference; includeInIndex = 1; lastKnownFileType = text.xcconfig; name = "Pods-VacationPlannerTests.debug.xcconfig"; path = "Pods/Target Support Files/Pods-VacationPlannerTests/Pods-VacationPlannerTests.debug.xcconfig"; sourceTree = "<group>"; };
		D80BB3959E493B150612E268 /* Pods_VacationPlannerTests.framework */ = {isa = PBXFileReference; explicitFileType = wrapper.framework; includeInIndex = 0; path = Pods_VacationPlannerTests.framework; sourceTree = BUILT_PRODUCTS_DIR; };
/* End PBXFileReference section */

/* Begin PBXFrameworksBuildPhase section */
		111F5D8C21D4F51100E94E5B /* Frameworks */ = {
			isa = PBXFrameworksBuildPhase;
			buildActionMask = 2147483647;
			files = (
				30B679B111DD461474DE580E /* Pods_VacationPlanner.framework in Frameworks */,
			);
			runOnlyForDeploymentPostprocessing = 0;
		};
		111F5DA021D4F51400E94E5B /* Frameworks */ = {
			isa = PBXFrameworksBuildPhase;
			buildActionMask = 2147483647;
			files = (
				4EBEAB57E95D96BF6655596C /* Pods_VacationPlannerTests.framework in Frameworks */,
			);
			runOnlyForDeploymentPostprocessing = 0;
		};
		111F5DAB21D4F51400E94E5B /* Frameworks */ = {
			isa = PBXFrameworksBuildPhase;
			buildActionMask = 2147483647;
			files = (
				6742699047F5770EC484C956 /* Pods_VacationPlannerUITests.framework in Frameworks */,
			);
			runOnlyForDeploymentPostprocessing = 0;
		};
/* End PBXFrameworksBuildPhase section */

/* Begin PBXGroup section */
		00DE26F9D7F0D96373291794 /* Pods */ = {
			isa = PBXGroup;
			children = (
				76E0447389AD25DAC1F5C6AB /* Pods-VacationPlanner.debug.xcconfig */,
				D18C6A724E9AC6C833720AF3 /* Pods-VacationPlanner.release.xcconfig */,
				D301C313FEEDC620A2D3BD8C /* Pods-VacationPlannerTests.debug.xcconfig */,
				0CA5D0B7F10621F704724B14 /* Pods-VacationPlannerTests.release.xcconfig */,
				B368CB0C3F41702245D85162 /* Pods-VacationPlannerUITests.debug.xcconfig */,
				AF027DAF91BA69D8D7879C33 /* Pods-VacationPlannerUITests.release.xcconfig */,
			);
			name = Pods;
			sourceTree = "<group>";
		};
		111F5D8621D4F51100E94E5B = {
			isa = PBXGroup;
			children = (
				111F5D9121D4F51100E94E5B /* VacationPlanner */,
				111F5DA621D4F51400E94E5B /* VacationPlannerTests */,
				111F5DB121D4F51400E94E5B /* VacationPlannerUITests */,
				111F5D9021D4F51100E94E5B /* Products */,
				00DE26F9D7F0D96373291794 /* Pods */,
				50B9D8C7260A4AA9BDD6252F /* Frameworks */,
			);
			sourceTree = "<group>";
		};
		111F5D9021D4F51100E94E5B /* Products */ = {
			isa = PBXGroup;
			children = (
				111F5D8F21D4F51100E94E5B /* VacationPlanner.app */,
				111F5DA321D4F51400E94E5B /* VacationPlannerTests.xctest */,
				111F5DAE21D4F51400E94E5B /* VacationPlannerUITests.xctest */,
			);
			name = Products;
			sourceTree = "<group>";
		};
		111F5D9121D4F51100E94E5B /* VacationPlanner */ = {
			isa = PBXGroup;
			children = (
				111F5D9221D4F51100E94E5B /* AppDelegate.swift */,
				111F5D9921D4F51400E94E5B /* Assets.xcassets */,
				111F5D9E21D4F51400E94E5B /* Info.plist */,
				111F5D9B21D4F51400E94E5B /* LaunchScreen.storyboard */,
				111F5DCF21D5058100E94E5B /* BaseFiles */,
				111F5DCA21D4FE5200E94E5B /* Contants */,
				111F5DD821D50ABE00E94E5B /* Extensions */,
				111F5DEE21D521F500E94E5B /* Internationalization */,
				11C4237121D557BC001F7B23 /* Model */,
				111F5DC021D4F9B200E94E5B /* Service */,
				111F5DCD21D5049200E94E5B /* Storyboards */,
				111F5DC221D4FBFF00E94E5B /* UI */,
				111F5DCE21D504C900E94E5B /* ViewControllers */,
			);
			path = VacationPlanner;
			sourceTree = "<group>";
		};
		111F5DA621D4F51400E94E5B /* VacationPlannerTests */ = {
			isa = PBXGroup;
			children = (
				111F5DA721D4F51400E94E5B /* VacationPlannerTests.swift */,
				111F5DA921D4F51400E94E5B /* Info.plist */,
			);
			path = VacationPlannerTests;
			sourceTree = "<group>";
		};
		111F5DB121D4F51400E94E5B /* VacationPlannerUITests */ = {
			isa = PBXGroup;
			children = (
				111F5DB221D4F51400E94E5B /* VacationPlannerUITests.swift */,
				111F5DB421D4F51400E94E5B /* Info.plist */,
			);
			path = VacationPlannerUITests;
			sourceTree = "<group>";
		};
		111F5DC021D4F9B200E94E5B /* Service */ = {
			isa = PBXGroup;
			children = (
				11C4238221D5A162001F7B23 /* CitiesService.swift */,
				11C4236B21D55254001F7B23 /* NetworkService.swift */,
				11C4236F21D5565B001F7B23 /* WeatherService.swift */,
			);
			path = Service;
			sourceTree = "<group>";
		};
		111F5DC221D4FBFF00E94E5B /* UI */ = {
			isa = PBXGroup;
			children = (
				111F5DD221D505BC00E94E5B /* Views */,
				111F5DC321D4FC1100E94E5B /* TableViewCells */,
			);
			path = UI;
			sourceTree = "<group>";
		};
		111F5DC321D4FC1100E94E5B /* TableViewCells */ = {
			isa = PBXGroup;
			children = (
				11C4237D21D59D03001F7B23 /* CitiesTableViewCell */,
				111F5DC421D4FC4400E94E5B /* WeatherTableViewCell */,
			);
			path = TableViewCells;
			sourceTree = "<group>";
		};
		111F5DC421D4FC4400E94E5B /* WeatherTableViewCell */ = {
			isa = PBXGroup;
			children = (
				111F5DC521D4FC6B00E94E5B /* WeatherTableViewCell.swift */,
				111F5DC621D4FC6B00E94E5B /* WeatherTableViewCell.xib */,
			);
			path = WeatherTableViewCell;
			sourceTree = "<group>";
		};
		111F5DCA21D4FE5200E94E5B /* Contants */ = {
			isa = PBXGroup;
			children = (
				111F5DCB21D4FEAD00E94E5B /* ImageConstants.swift */,
				111F5DEA21D51D2900E94E5B /* NavigationConstants.swift */,
				11C4236D21D552AB001F7B23 /* NetworkConstants.swift */,
			);
			path = Contants;
			sourceTree = "<group>";
		};
		111F5DCD21D5049200E94E5B /* Storyboards */ = {
			isa = PBXGroup;
			children = (
				111F5D9621D4F51100E94E5B /* Home.storyboard */,
				111F5DE621D51CCF00E94E5B /* AllWeathers.storyboard */,
				11C4237421D592EA001F7B23 /* AllCities.storyboard */,
			);
			path = Storyboards;
			sourceTree = "<group>";
		};
		111F5DCE21D504C900E94E5B /* ViewControllers */ = {
			isa = PBXGroup;
			children = (
				111F5D9421D4F51100E94E5B /* HomeViewController.swift */,
				111F5DE821D51CF100E94E5B /* AllWeathersViewController.swift */,
				11C4237621D59372001F7B23 /* AllCitiesViewController.swift */,
			);
			path = ViewControllers;
			sourceTree = "<group>";
		};
		111F5DCF21D5058100E94E5B /* BaseFiles */ = {
			isa = PBXGroup;
			children = (
				111F5DD021D5059800E94E5B /* BaseView.swift */,
			);
			path = BaseFiles;
			sourceTree = "<group>";
		};
		111F5DD221D505BC00E94E5B /* Views */ = {
			isa = PBXGroup;
			children = (
				11C4237821D594FD001F7B23 /* CitiesView */,
				111F5DD321D505DD00E94E5B /* WeatherView */,
			);
			path = Views;
			sourceTree = "<group>";
		};
		111F5DD321D505DD00E94E5B /* WeatherView */ = {
			isa = PBXGroup;
			children = (
				111F5DD421D505FD00E94E5B /* WeatherView.swift */,
				111F5DD621D5063C00E94E5B /* WeatherView.xib */,
			);
			path = WeatherView;
			sourceTree = "<group>";
		};
		111F5DD821D50ABE00E94E5B /* Extensions */ = {
			isa = PBXGroup;
			children = (
				111F5DD921D50AD600E94E5B /* UIColorExtension.swift */,
				111F5DEC21D51DF700E94E5B /* UIStoryboardExtension.swift */,
			);
			path = Extensions;
			sourceTree = "<group>";
		};
		111F5DEE21D521F500E94E5B /* Internationalization */ = {
			isa = PBXGroup;
			children = (
				111F5DE121D5199100E94E5B /* Localizable.strings */,
			);
			path = Internationalization;
			sourceTree = "<group>";
		};
		11C4237121D557BC001F7B23 /* Model */ = {
			isa = PBXGroup;
			children = (
				11C4237221D557EF001F7B23 /* Weather.swift */,
				11C4238421D5A1FC001F7B23 /* City.swift */,
			);
			path = Model;
			sourceTree = "<group>";
		};
		11C4237821D594FD001F7B23 /* CitiesView */ = {
			isa = PBXGroup;
			children = (
				11C4237921D59522001F7B23 /* CitiesView.swift */,
				11C4237B21D5955A001F7B23 /* CitiesView.xib */,
			);
			path = CitiesView;
			sourceTree = "<group>";
		};
		11C4237D21D59D03001F7B23 /* CitiesTableViewCell */ = {
			isa = PBXGroup;
			children = (
				11C4237E21D59D1D001F7B23 /* CitiesTableViewCell.swift */,
				11C4237F21D59D1D001F7B23 /* CitiesTableViewCell.xib */,
			);
			path = CitiesTableViewCell;
			sourceTree = "<group>";
		};
		50B9D8C7260A4AA9BDD6252F /* Frameworks */ = {
			isa = PBXGroup;
			children = (
				43F0723463FED41BC9297AD2 /* Pods_VacationPlanner.framework */,
				D80BB3959E493B150612E268 /* Pods_VacationPlannerTests.framework */,
				648688796941C47ECDD046A0 /* Pods_VacationPlannerUITests.framework */,
			);
			name = Frameworks;
			sourceTree = "<group>";
		};
/* End PBXGroup section */

/* Begin PBXNativeTarget section */
		111F5D8E21D4F51100E94E5B /* VacationPlanner */ = {
			isa = PBXNativeTarget;
			buildConfigurationList = 111F5DB721D4F51400E94E5B /* Build configuration list for PBXNativeTarget "VacationPlanner" */;
			buildPhases = (
				188E375CD275B0E62671145A /* [CP] Check Pods Manifest.lock */,
				111F5D8B21D4F51100E94E5B /* Sources */,
				111F5D8C21D4F51100E94E5B /* Frameworks */,
				111F5D8D21D4F51100E94E5B /* Resources */,
				6D1E8BE656EA139DF899B086 /* [CP] Embed Pods Frameworks */,
			);
			buildRules = (
			);
			dependencies = (
			);
			name = VacationPlanner;
			productName = VacationPlanner;
			productReference = 111F5D8F21D4F51100E94E5B /* VacationPlanner.app */;
			productType = "com.apple.product-type.application";
		};
		111F5DA221D4F51400E94E5B /* VacationPlannerTests */ = {
			isa = PBXNativeTarget;
			buildConfigurationList = 111F5DBA21D4F51400E94E5B /* Build configuration list for PBXNativeTarget "VacationPlannerTests" */;
			buildPhases = (
				4C8A029A624F91BF16149B36 /* [CP] Check Pods Manifest.lock */,
				111F5D9F21D4F51400E94E5B /* Sources */,
				111F5DA021D4F51400E94E5B /* Frameworks */,
				111F5DA121D4F51400E94E5B /* Resources */,
			);
			buildRules = (
			);
			dependencies = (
				111F5DA521D4F51400E94E5B /* PBXTargetDependency */,
			);
			name = VacationPlannerTests;
			productName = VacationPlannerTests;
			productReference = 111F5DA321D4F51400E94E5B /* VacationPlannerTests.xctest */;
			productType = "com.apple.product-type.bundle.unit-test";
		};
		111F5DAD21D4F51400E94E5B /* VacationPlannerUITests */ = {
			isa = PBXNativeTarget;
			buildConfigurationList = 111F5DBD21D4F51400E94E5B /* Build configuration list for PBXNativeTarget "VacationPlannerUITests" */;
			buildPhases = (
				D27ECBC175CA4AA040973E07 /* [CP] Check Pods Manifest.lock */,
				111F5DAA21D4F51400E94E5B /* Sources */,
				111F5DAB21D4F51400E94E5B /* Frameworks */,
				111F5DAC21D4F51400E94E5B /* Resources */,
			);
			buildRules = (
			);
			dependencies = (
				111F5DB021D4F51400E94E5B /* PBXTargetDependency */,
			);
			name = VacationPlannerUITests;
			productName = VacationPlannerUITests;
			productReference = 111F5DAE21D4F51400E94E5B /* VacationPlannerUITests.xctest */;
			productType = "com.apple.product-type.bundle.ui-testing";
		};
/* End PBXNativeTarget section */

/* Begin PBXProject section */
		111F5D8721D4F51100E94E5B /* Project object */ = {
			isa = PBXProject;
			attributes = {
				LastSwiftUpdateCheck = 1010;
				LastUpgradeCheck = 1010;
				ORGANIZATIONNAME = "Daniel Oliveira";
				TargetAttributes = {
					111F5D8E21D4F51100E94E5B = {
						CreatedOnToolsVersion = 10.1;
					};
					111F5DA221D4F51400E94E5B = {
						CreatedOnToolsVersion = 10.1;
						TestTargetID = 111F5D8E21D4F51100E94E5B;
					};
					111F5DAD21D4F51400E94E5B = {
						CreatedOnToolsVersion = 10.1;
						TestTargetID = 111F5D8E21D4F51100E94E5B;
					};
				};
			};
			buildConfigurationList = 111F5D8A21D4F51100E94E5B /* Build configuration list for PBXProject "VacationPlanner" */;
			compatibilityVersion = "Xcode 9.3";
			developmentRegion = en;
			hasScannedForEncodings = 0;
			knownRegions = (
				en,
				Base,
				"pt-BR",
			);
			mainGroup = 111F5D8621D4F51100E94E5B;
			productRefGroup = 111F5D9021D4F51100E94E5B /* Products */;
			projectDirPath = "";
			projectRoot = "";
			targets = (
				111F5D8E21D4F51100E94E5B /* VacationPlanner */,
				111F5DA221D4F51400E94E5B /* VacationPlannerTests */,
				111F5DAD21D4F51400E94E5B /* VacationPlannerUITests */,
			);
		};
/* End PBXProject section */

/* Begin PBXResourcesBuildPhase section */
		111F5D8D21D4F51100E94E5B /* Resources */ = {
			isa = PBXResourcesBuildPhase;
			buildActionMask = 2147483647;
			files = (
				111F5DD721D5063C00E94E5B /* WeatherView.xib in Resources */,
				111F5DDF21D5199100E94E5B /* Localizable.strings in Resources */,
				111F5DE721D51CCF00E94E5B /* AllWeathers.storyboard in Resources */,
				111F5DC821D4FC6B00E94E5B /* WeatherTableViewCell.xib in Resources */,
				111F5D9D21D4F51400E94E5B /* LaunchScreen.storyboard in Resources */,
				11C4237521D592EA001F7B23 /* AllCities.storyboard in Resources */,
				11C4238121D59D1D001F7B23 /* CitiesTableViewCell.xib in Resources */,
				111F5D9A21D4F51400E94E5B /* Assets.xcassets in Resources */,
				111F5D9821D4F51100E94E5B /* Home.storyboard in Resources */,
				11C4237C21D5955A001F7B23 /* CitiesView.xib in Resources */,
			);
			runOnlyForDeploymentPostprocessing = 0;
		};
		111F5DA121D4F51400E94E5B /* Resources */ = {
			isa = PBXResourcesBuildPhase;
			buildActionMask = 2147483647;
			files = (
			);
			runOnlyForDeploymentPostprocessing = 0;
		};
		111F5DAC21D4F51400E94E5B /* Resources */ = {
			isa = PBXResourcesBuildPhase;
			buildActionMask = 2147483647;
			files = (
			);
			runOnlyForDeploymentPostprocessing = 0;
		};
/* End PBXResourcesBuildPhase section */

/* Begin PBXShellScriptBuildPhase section */
		188E375CD275B0E62671145A /* [CP] Check Pods Manifest.lock */ = {
			isa = PBXShellScriptBuildPhase;
			buildActionMask = 2147483647;
			files = (
			);
			inputFileListPaths = (
			);
			inputPaths = (
				"${PODS_PODFILE_DIR_PATH}/Podfile.lock",
				"${PODS_ROOT}/Manifest.lock",
			);
			name = "[CP] Check Pods Manifest.lock";
			outputFileListPaths = (
			);
			outputPaths = (
				"$(DERIVED_FILE_DIR)/Pods-VacationPlanner-checkManifestLockResult.txt",
			);
			runOnlyForDeploymentPostprocessing = 0;
			shellPath = /bin/sh;
			shellScript = "diff \"${PODS_PODFILE_DIR_PATH}/Podfile.lock\" \"${PODS_ROOT}/Manifest.lock\" > /dev/null\nif [ $? != 0 ] ; then\n    # print error to STDERR\n    echo \"error: The sandbox is not in sync with the Podfile.lock. Run 'pod install' or update your CocoaPods installation.\" >&2\n    exit 1\nfi\n# This output is used by Xcode 'outputs' to avoid re-running this script phase.\necho \"SUCCESS\" > \"${SCRIPT_OUTPUT_FILE_0}\"\n";
			showEnvVarsInLog = 0;
		};
		4C8A029A624F91BF16149B36 /* [CP] Check Pods Manifest.lock */ = {
			isa = PBXShellScriptBuildPhase;
			buildActionMask = 2147483647;
			files = (
			);
			inputFileListPaths = (
			);
			inputPaths = (
				"${PODS_PODFILE_DIR_PATH}/Podfile.lock",
				"${PODS_ROOT}/Manifest.lock",
			);
			name = "[CP] Check Pods Manifest.lock";
			outputFileListPaths = (
			);
			outputPaths = (
				"$(DERIVED_FILE_DIR)/Pods-VacationPlannerTests-checkManifestLockResult.txt",
			);
			runOnlyForDeploymentPostprocessing = 0;
			shellPath = /bin/sh;
			shellScript = "diff \"${PODS_PODFILE_DIR_PATH}/Podfile.lock\" \"${PODS_ROOT}/Manifest.lock\" > /dev/null\nif [ $? != 0 ] ; then\n    # print error to STDERR\n    echo \"error: The sandbox is not in sync with the Podfile.lock. Run 'pod install' or update your CocoaPods installation.\" >&2\n    exit 1\nfi\n# This output is used by Xcode 'outputs' to avoid re-running this script phase.\necho \"SUCCESS\" > \"${SCRIPT_OUTPUT_FILE_0}\"\n";
			showEnvVarsInLog = 0;
		};
		6D1E8BE656EA139DF899B086 /* [CP] Embed Pods Frameworks */ = {
			isa = PBXShellScriptBuildPhase;
			buildActionMask = 2147483647;
			files = (
			);
			inputFileListPaths = (
			);
			inputPaths = (
				"${SRCROOT}/Pods/Target Support Files/Pods-VacationPlanner/Pods-VacationPlanner-frameworks.sh",
				"${BUILT_PRODUCTS_DIR}/Alamofire/Alamofire.framework",
			);
			name = "[CP] Embed Pods Frameworks";
			outputFileListPaths = (
			);
			outputPaths = (
				"${TARGET_BUILD_DIR}/${FRAMEWORKS_FOLDER_PATH}/Alamofire.framework",
			);
			runOnlyForDeploymentPostprocessing = 0;
			shellPath = /bin/sh;
			shellScript = "\"${SRCROOT}/Pods/Target Support Files/Pods-VacationPlanner/Pods-VacationPlanner-frameworks.sh\"\n";
			showEnvVarsInLog = 0;
		};
		D27ECBC175CA4AA040973E07 /* [CP] Check Pods Manifest.lock */ = {
			isa = PBXShellScriptBuildPhase;
			buildActionMask = 2147483647;
			files = (
			);
			inputFileListPaths = (
			);
			inputPaths = (
				"${PODS_PODFILE_DIR_PATH}/Podfile.lock",
				"${PODS_ROOT}/Manifest.lock",
			);
			name = "[CP] Check Pods Manifest.lock";
			outputFileListPaths = (
			);
			outputPaths = (
				"$(DERIVED_FILE_DIR)/Pods-VacationPlannerUITests-checkManifestLockResult.txt",
			);
			runOnlyForDeploymentPostprocessing = 0;
			shellPath = /bin/sh;
			shellScript = "diff \"${PODS_PODFILE_DIR_PATH}/Podfile.lock\" \"${PODS_ROOT}/Manifest.lock\" > /dev/null\nif [ $? != 0 ] ; then\n    # print error to STDERR\n    echo \"error: The sandbox is not in sync with the Podfile.lock. Run 'pod install' or update your CocoaPods installation.\" >&2\n    exit 1\nfi\n# This output is used by Xcode 'outputs' to avoid re-running this script phase.\necho \"SUCCESS\" > \"${SCRIPT_OUTPUT_FILE_0}\"\n";
			showEnvVarsInLog = 0;
		};
/* End PBXShellScriptBuildPhase section */

/* Begin PBXSourcesBuildPhase section */
		111F5D8B21D4F51100E94E5B /* Sources */ = {
			isa = PBXSourcesBuildPhase;
			buildActionMask = 2147483647;
			files = (
				11C4236E21D552AB001F7B23 /* NetworkConstants.swift in Sources */,
				11C4237721D59372001F7B23 /* AllCitiesViewController.swift in Sources */,
				11C4236C21D55254001F7B23 /* NetworkService.swift in Sources */,
				111F5DC721D4FC6B00E94E5B /* WeatherTableViewCell.swift in Sources */,
				111F5DDA21D50AD600E94E5B /* UIColorExtension.swift in Sources */,
				111F5DED21D51DF700E94E5B /* UIStoryboardExtension.swift in Sources */,
				111F5D9521D4F51100E94E5B /* HomeViewController.swift in Sources */,
				11C4237A21D59522001F7B23 /* CitiesView.swift in Sources */,
				11C4237321D557EF001F7B23 /* Weather.swift in Sources */,
				111F5DD121D5059800E94E5B /* BaseView.swift in Sources */,
				111F5DD521D505FD00E94E5B /* WeatherView.swift in Sources */,
				11C4238021D59D1D001F7B23 /* CitiesTableViewCell.swift in Sources */,
				111F5DEB21D51D2900E94E5B /* NavigationConstants.swift in Sources */,
				111F5DE921D51CF100E94E5B /* AllWeathersViewController.swift in Sources */,
				11C4238321D5A162001F7B23 /* CitiesService.swift in Sources */,
				111F5D9321D4F51100E94E5B /* AppDelegate.swift in Sources */,
				111F5DCC21D4FEAD00E94E5B /* ImageConstants.swift in Sources */,
				11C4238521D5A1FC001F7B23 /* City.swift in Sources */,
				11C4237021D5565B001F7B23 /* WeatherService.swift in Sources */,
			);
			runOnlyForDeploymentPostprocessing = 0;
		};
		111F5D9F21D4F51400E94E5B /* Sources */ = {
			isa = PBXSourcesBuildPhase;
			buildActionMask = 2147483647;
			files = (
				111F5DA821D4F51400E94E5B /* VacationPlannerTests.swift in Sources */,
			);
			runOnlyForDeploymentPostprocessing = 0;
		};
		111F5DAA21D4F51400E94E5B /* Sources */ = {
			isa = PBXSourcesBuildPhase;
			buildActionMask = 2147483647;
			files = (
				111F5DB321D4F51400E94E5B /* VacationPlannerUITests.swift in Sources */,
			);
			runOnlyForDeploymentPostprocessing = 0;
		};
/* End PBXSourcesBuildPhase section */

/* Begin PBXTargetDependency section */
		111F5DA521D4F51400E94E5B /* PBXTargetDependency */ = {
			isa = PBXTargetDependency;
			target = 111F5D8E21D4F51100E94E5B /* VacationPlanner */;
			targetProxy = 111F5DA421D4F51400E94E5B /* PBXContainerItemProxy */;
		};
		111F5DB021D4F51400E94E5B /* PBXTargetDependency */ = {
			isa = PBXTargetDependency;
			target = 111F5D8E21D4F51100E94E5B /* VacationPlanner */;
			targetProxy = 111F5DAF21D4F51400E94E5B /* PBXContainerItemProxy */;
		};
/* End PBXTargetDependency section */

/* Begin PBXVariantGroup section */
		111F5D9621D4F51100E94E5B /* Home.storyboard */ = {
			isa = PBXVariantGroup;
			children = (
				111F5D9721D4F51100E94E5B /* Base */,
			);
			name = Home.storyboard;
			sourceTree = "<group>";
		};
		111F5D9B21D4F51400E94E5B /* LaunchScreen.storyboard */ = {
			isa = PBXVariantGroup;
			children = (
				111F5D9C21D4F51400E94E5B /* Base */,
				111F5DDD21D5197D00E94E5B /* pt-BR */,
			);
			name = LaunchScreen.storyboard;
			sourceTree = "<group>";
		};
		111F5DE121D5199100E94E5B /* Localizable.strings */ = {
			isa = PBXVariantGroup;
			children = (
				111F5DE021D5199100E94E5B /* en */,
				111F5DE221D5199400E94E5B /* pt-BR */,
			);
			name = Localizable.strings;
			sourceTree = "<group>";
		};
/* End PBXVariantGroup section */

/* Begin XCBuildConfiguration section */
		111F5DB521D4F51400E94E5B /* Debug */ = {
			isa = XCBuildConfiguration;
			buildSettings = {
				ALWAYS_SEARCH_USER_PATHS = NO;
				CLANG_ANALYZER_LOCALIZABILITY_NONLOCALIZED = YES;
				CLANG_ANALYZER_NONNULL = YES;
				CLANG_ANALYZER_NUMBER_OBJECT_CONVERSION = YES_AGGRESSIVE;
				CLANG_CXX_LANGUAGE_STANDARD = "gnu++14";
				CLANG_CXX_LIBRARY = "libc++";
				CLANG_ENABLE_MODULES = YES;
				CLANG_ENABLE_OBJC_ARC = YES;
				CLANG_ENABLE_OBJC_WEAK = YES;
				CLANG_WARN_BLOCK_CAPTURE_AUTORELEASING = YES;
				CLANG_WARN_BOOL_CONVERSION = YES;
				CLANG_WARN_COMMA = YES;
				CLANG_WARN_CONSTANT_CONVERSION = YES;
				CLANG_WARN_DEPRECATED_OBJC_IMPLEMENTATIONS = YES;
				CLANG_WARN_DIRECT_OBJC_ISA_USAGE = YES_ERROR;
				CLANG_WARN_DOCUMENTATION_COMMENTS = YES;
				CLANG_WARN_EMPTY_BODY = YES;
				CLANG_WARN_ENUM_CONVERSION = YES;
				CLANG_WARN_INFINITE_RECURSION = YES;
				CLANG_WARN_INT_CONVERSION = YES;
				CLANG_WARN_NON_LITERAL_NULL_CONVERSION = YES;
				CLANG_WARN_OBJC_IMPLICIT_RETAIN_SELF = YES;
				CLANG_WARN_OBJC_LITERAL_CONVERSION = YES;
				CLANG_WARN_OBJC_ROOT_CLASS = YES_ERROR;
				CLANG_WARN_RANGE_LOOP_ANALYSIS = YES;
				CLANG_WARN_STRICT_PROTOTYPES = YES;
				CLANG_WARN_SUSPICIOUS_MOVE = YES;
				CLANG_WARN_UNGUARDED_AVAILABILITY = YES_AGGRESSIVE;
				CLANG_WARN_UNREACHABLE_CODE = YES;
				CLANG_WARN__DUPLICATE_METHOD_MATCH = YES;
				CODE_SIGN_IDENTITY = "iPhone Developer";
				COPY_PHASE_STRIP = NO;
				DEBUG_INFORMATION_FORMAT = dwarf;
				ENABLE_STRICT_OBJC_MSGSEND = YES;
				ENABLE_TESTABILITY = YES;
				GCC_C_LANGUAGE_STANDARD = gnu11;
				GCC_DYNAMIC_NO_PIC = NO;
				GCC_NO_COMMON_BLOCKS = YES;
				GCC_OPTIMIZATION_LEVEL = 0;
				GCC_PREPROCESSOR_DEFINITIONS = (
					"DEBUG=1",
					"$(inherited)",
				);
				GCC_WARN_64_TO_32_BIT_CONVERSION = YES;
				GCC_WARN_ABOUT_RETURN_TYPE = YES_ERROR;
				GCC_WARN_UNDECLARED_SELECTOR = YES;
				GCC_WARN_UNINITIALIZED_AUTOS = YES_AGGRESSIVE;
				GCC_WARN_UNUSED_FUNCTION = YES;
				GCC_WARN_UNUSED_VARIABLE = YES;
				IPHONEOS_DEPLOYMENT_TARGET = 12.1;
				MTL_ENABLE_DEBUG_INFO = INCLUDE_SOURCE;
				MTL_FAST_MATH = YES;
				ONLY_ACTIVE_ARCH = YES;
				SDKROOT = iphoneos;
				SWIFT_ACTIVE_COMPILATION_CONDITIONS = DEBUG;
				SWIFT_OPTIMIZATION_LEVEL = "-Onone";
			};
			name = Debug;
		};
		111F5DB621D4F51400E94E5B /* Release */ = {
			isa = XCBuildConfiguration;
			buildSettings = {
				ALWAYS_SEARCH_USER_PATHS = NO;
				CLANG_ANALYZER_LOCALIZABILITY_NONLOCALIZED = YES;
				CLANG_ANALYZER_NONNULL = YES;
				CLANG_ANALYZER_NUMBER_OBJECT_CONVERSION = YES_AGGRESSIVE;
				CLANG_CXX_LANGUAGE_STANDARD = "gnu++14";
				CLANG_CXX_LIBRARY = "libc++";
				CLANG_ENABLE_MODULES = YES;
				CLANG_ENABLE_OBJC_ARC = YES;
				CLANG_ENABLE_OBJC_WEAK = YES;
				CLANG_WARN_BLOCK_CAPTURE_AUTORELEASING = YES;
				CLANG_WARN_BOOL_CONVERSION = YES;
				CLANG_WARN_COMMA = YES;
				CLANG_WARN_CONSTANT_CONVERSION = YES;
				CLANG_WARN_DEPRECATED_OBJC_IMPLEMENTATIONS = YES;
				CLANG_WARN_DIRECT_OBJC_ISA_USAGE = YES_ERROR;
				CLANG_WARN_DOCUMENTATION_COMMENTS = YES;
				CLANG_WARN_EMPTY_BODY = YES;
				CLANG_WARN_ENUM_CONVERSION = YES;
				CLANG_WARN_INFINITE_RECURSION = YES;
				CLANG_WARN_INT_CONVERSION = YES;
				CLANG_WARN_NON_LITERAL_NULL_CONVERSION = YES;
				CLANG_WARN_OBJC_IMPLICIT_RETAIN_SELF = YES;
				CLANG_WARN_OBJC_LITERAL_CONVERSION = YES;
				CLANG_WARN_OBJC_ROOT_CLASS = YES_ERROR;
				CLANG_WARN_RANGE_LOOP_ANALYSIS = YES;
				CLANG_WARN_STRICT_PROTOTYPES = YES;
				CLANG_WARN_SUSPICIOUS_MOVE = YES;
				CLANG_WARN_UNGUARDED_AVAILABILITY = YES_AGGRESSIVE;
				CLANG_WARN_UNREACHABLE_CODE = YES;
				CLANG_WARN__DUPLICATE_METHOD_MATCH = YES;
				CODE_SIGN_IDENTITY = "iPhone Developer";
				COPY_PHASE_STRIP = NO;
				DEBUG_INFORMATION_FORMAT = "dwarf-with-dsym";
				ENABLE_NS_ASSERTIONS = NO;
				ENABLE_STRICT_OBJC_MSGSEND = YES;
				GCC_C_LANGUAGE_STANDARD = gnu11;
				GCC_NO_COMMON_BLOCKS = YES;
				GCC_WARN_64_TO_32_BIT_CONVERSION = YES;
				GCC_WARN_ABOUT_RETURN_TYPE = YES_ERROR;
				GCC_WARN_UNDECLARED_SELECTOR = YES;
				GCC_WARN_UNINITIALIZED_AUTOS = YES_AGGRESSIVE;
				GCC_WARN_UNUSED_FUNCTION = YES;
				GCC_WARN_UNUSED_VARIABLE = YES;
				IPHONEOS_DEPLOYMENT_TARGET = 12.1;
				MTL_ENABLE_DEBUG_INFO = NO;
				MTL_FAST_MATH = YES;
				SDKROOT = iphoneos;
				SWIFT_COMPILATION_MODE = wholemodule;
				SWIFT_OPTIMIZATION_LEVEL = "-O";
				VALIDATE_PRODUCT = YES;
			};
			name = Release;
		};
		111F5DB821D4F51400E94E5B /* Debug */ = {
			isa = XCBuildConfiguration;
			baseConfigurationReference = 76E0447389AD25DAC1F5C6AB /* Pods-VacationPlanner.debug.xcconfig */;
			buildSettings = {
				ASSETCATALOG_COMPILER_APPICON_NAME = AppIcon;
				CODE_SIGN_STYLE = Automatic;
				DEVELOPMENT_TEAM = W5849F638E;
				INFOPLIST_FILE = VacationPlanner/Info.plist;
				LD_RUNPATH_SEARCH_PATHS = (
					"$(inherited)",
					"@executable_path/Frameworks",
				);
				PRODUCT_BUNDLE_IDENTIFIER = com.danieloliveira.VacationPlanner;
				PRODUCT_NAME = "$(TARGET_NAME)";
				SWIFT_VERSION = 4.2;
				TARGETED_DEVICE_FAMILY = 1;
			};
			name = Debug;
		};
		111F5DB921D4F51400E94E5B /* Release */ = {
			isa = XCBuildConfiguration;
			baseConfigurationReference = D18C6A724E9AC6C833720AF3 /* Pods-VacationPlanner.release.xcconfig */;
			buildSettings = {
				ASSETCATALOG_COMPILER_APPICON_NAME = AppIcon;
				CODE_SIGN_STYLE = Automatic;
				DEVELOPMENT_TEAM = W5849F638E;
				INFOPLIST_FILE = VacationPlanner/Info.plist;
				LD_RUNPATH_SEARCH_PATHS = (
					"$(inherited)",
					"@executable_path/Frameworks",
				);
				PRODUCT_BUNDLE_IDENTIFIER = com.danieloliveira.VacationPlanner;
				PRODUCT_NAME = "$(TARGET_NAME)";
				SWIFT_VERSION = 4.2;
				TARGETED_DEVICE_FAMILY = 1;
			};
			name = Release;
		};
		111F5DBB21D4F51400E94E5B /* Debug */ = {
			isa = XCBuildConfiguration;
			baseConfigurationReference = D301C313FEEDC620A2D3BD8C /* Pods-VacationPlannerTests.debug.xcconfig */;
			buildSettings = {
				ALWAYS_EMBED_SWIFT_STANDARD_LIBRARIES = YES;
				BUNDLE_LOADER = "$(TEST_HOST)";
				CODE_SIGN_STYLE = Automatic;
				DEVELOPMENT_TEAM = W5849F638E;
				INFOPLIST_FILE = VacationPlannerTests/Info.plist;
				LD_RUNPATH_SEARCH_PATHS = (
					"$(inherited)",
					"@executable_path/Frameworks",
					"@loader_path/Frameworks",
				);
				PRODUCT_BUNDLE_IDENTIFIER = com.danieloliveira.VacationPlannerTests;
				PRODUCT_NAME = "$(TARGET_NAME)";
				SWIFT_VERSION = 4.2;
				TARGETED_DEVICE_FAMILY = "1,2";
				TEST_HOST = "$(BUILT_PRODUCTS_DIR)/VacationPlanner.app/VacationPlanner";
			};
			name = Debug;
		};
		111F5DBC21D4F51400E94E5B /* Release */ = {
			isa = XCBuildConfiguration;
			baseConfigurationReference = 0CA5D0B7F10621F704724B14 /* Pods-VacationPlannerTests.release.xcconfig */;
			buildSettings = {
				ALWAYS_EMBED_SWIFT_STANDARD_LIBRARIES = YES;
				BUNDLE_LOADER = "$(TEST_HOST)";
				CODE_SIGN_STYLE = Automatic;
				DEVELOPMENT_TEAM = W5849F638E;
				INFOPLIST_FILE = VacationPlannerTests/Info.plist;
				LD_RUNPATH_SEARCH_PATHS = (
					"$(inherited)",
					"@executable_path/Frameworks",
					"@loader_path/Frameworks",
				);
				PRODUCT_BUNDLE_IDENTIFIER = com.danieloliveira.VacationPlannerTests;
				PRODUCT_NAME = "$(TARGET_NAME)";
				SWIFT_VERSION = 4.2;
				TARGETED_DEVICE_FAMILY = "1,2";
				TEST_HOST = "$(BUILT_PRODUCTS_DIR)/VacationPlanner.app/VacationPlanner";
			};
			name = Release;
		};
		111F5DBE21D4F51400E94E5B /* Debug */ = {
			isa = XCBuildConfiguration;
			baseConfigurationReference = B368CB0C3F41702245D85162 /* Pods-VacationPlannerUITests.debug.xcconfig */;
			buildSettings = {
				ALWAYS_EMBED_SWIFT_STANDARD_LIBRARIES = YES;
				CODE_SIGN_STYLE = Automatic;
				DEVELOPMENT_TEAM = W5849F638E;
				INFOPLIST_FILE = VacationPlannerUITests/Info.plist;
				LD_RUNPATH_SEARCH_PATHS = (
					"$(inherited)",
					"@executable_path/Frameworks",
					"@loader_path/Frameworks",
				);
				PRODUCT_BUNDLE_IDENTIFIER = com.danieloliveira.VacationPlannerUITests;
				PRODUCT_NAME = "$(TARGET_NAME)";
				SWIFT_VERSION = 4.2;
				TARGETED_DEVICE_FAMILY = "1,2";
				TEST_TARGET_NAME = VacationPlanner;
			};
			name = Debug;
		};
		111F5DBF21D4F51400E94E5B /* Release */ = {
			isa = XCBuildConfiguration;
			baseConfigurationReference = AF027DAF91BA69D8D7879C33 /* Pods-VacationPlannerUITests.release.xcconfig */;
			buildSettings = {
				ALWAYS_EMBED_SWIFT_STANDARD_LIBRARIES = YES;
				CODE_SIGN_STYLE = Automatic;
				DEVELOPMENT_TEAM = W5849F638E;
				INFOPLIST_FILE = VacationPlannerUITests/Info.plist;
				LD_RUNPATH_SEARCH_PATHS = (
					"$(inherited)",
					"@executable_path/Frameworks",
					"@loader_path/Frameworks",
				);
				PRODUCT_BUNDLE_IDENTIFIER = com.danieloliveira.VacationPlannerUITests;
				PRODUCT_NAME = "$(TARGET_NAME)";
				SWIFT_VERSION = 4.2;
				TARGETED_DEVICE_FAMILY = "1,2";
				TEST_TARGET_NAME = VacationPlanner;
			};
			name = Release;
		};
/* End XCBuildConfiguration section */

/* Begin XCConfigurationList section */
		111F5D8A21D4F51100E94E5B /* Build configuration list for PBXProject "VacationPlanner" */ = {
			isa = XCConfigurationList;
			buildConfigurations = (
				111F5DB521D4F51400E94E5B /* Debug */,
				111F5DB621D4F51400E94E5B /* Release */,
			);
			defaultConfigurationIsVisible = 0;
			defaultConfigurationName = Release;
		};
		111F5DB721D4F51400E94E5B /* Build configuration list for PBXNativeTarget "VacationPlanner" */ = {
			isa = XCConfigurationList;
			buildConfigurations = (
				111F5DB821D4F51400E94E5B /* Debug */,
				111F5DB921D4F51400E94E5B /* Release */,
			);
			defaultConfigurationIsVisible = 0;
			defaultConfigurationName = Release;
		};
		111F5DBA21D4F51400E94E5B /* Build configuration list for PBXNativeTarget "VacationPlannerTests" */ = {
			isa = XCConfigurationList;
			buildConfigurations = (
				111F5DBB21D4F51400E94E5B /* Debug */,
				111F5DBC21D4F51400E94E5B /* Release */,
			);
			defaultConfigurationIsVisible = 0;
			defaultConfigurationName = Release;
		};
		111F5DBD21D4F51400E94E5B /* Build configuration list for PBXNativeTarget "VacationPlannerUITests" */ = {
			isa = XCConfigurationList;
			buildConfigurations = (
				111F5DBE21D4F51400E94E5B /* Debug */,
				111F5DBF21D4F51400E94E5B /* Release */,
			);
			defaultConfigurationIsVisible = 0;
			defaultConfigurationName = Release;
		};
/* End XCConfigurationList section */
	};
	rootObject = 111F5D8721D4F51100E94E5B /* Project object */;
}
